{
  "version": 4,
  "terraform_version": "1.3.7",
  "serial": 40,
  "lineage": "a782b7cf-264d-5cae-4623-daebf59064d4",
  "outputs": {},
  "resources": [
    {
      "mode": "managed",
      "type": "google_compute_network",
      "name": "vpc_arouna",
      "provider": "provider[\"registry.terraform.io/hashicorp/google\"]",
      "instances": [
        {
          "schema_version": 0,
          "attributes": {
            "auto_create_subnetworks": false,
            "delete_default_routes_on_create": false,
            "description": "",
            "gateway_ipv4": "",
            "id": "projects/cloud-gke-arouna/global/networks/arouna-gke-vpc",
            "ipv4_range": null,
            "name": "arouna-gke-vpc",
            "project": "cloud-gke-arouna",
            "routing_mode": "REGIONAL",
            "self_link": "https://www.googleapis.com/compute/v1/projects/cloud-gke-arouna/global/networks/arouna-gke-vpc",
            "timeouts": null
          },
          "sensitive_attributes": [],
          "private": "eyJlMmJmYjczMC1lY2FhLTExZTYtOGY4OC0zNDM2M2JjN2M0YzAiOnsiY3JlYXRlIjoxMjAwMDAwMDAwMDAwLCJkZWxldGUiOjEyMDAwMDAwMDAwMDAsInVwZGF0ZSI6MTIwMDAwMDAwMDAwMH19"
        }
      ]
    },
    {
      "mode": "managed",
      "type": "google_compute_subnetwork",
      "name": "subnet",
      "provider": "provider[\"registry.terraform.io/hashicorp/google\"]",
      "instances": [
        {
          "schema_version": 0,
          "attributes": {
            "creation_timestamp": "2023-01-25T06:32:08.335-08:00",
            "description": "",
            "enable_flow_logs": null,
            "fingerprint": null,
            "gateway_address": "10.10.0.1",
            "id": "projects/cloud-gke-arouna/regions/us-east4/subnetworks/arouna-gke-subnetwork",
            "ip_cidr_range": "10.10.0.0/24",
            "log_config": [],
            "name": "arouna-gke-subnetwork",
            "network": "https://www.googleapis.com/compute/v1/projects/cloud-gke-arouna/global/networks/arouna-gke-vpc",
            "private_ip_google_access": false,
            "project": "cloud-gke-arouna",
            "region": "us-east4",
            "secondary_ip_range": [],
            "self_link": "https://www.googleapis.com/compute/v1/projects/cloud-gke-arouna/regions/us-east4/subnetworks/arouna-gke-subnetwork",
            "timeouts": null
          },
          "sensitive_attributes": [],
          "private": "eyJlMmJmYjczMC1lY2FhLTExZTYtOGY4OC0zNDM2M2JjN2M0YzAiOnsiY3JlYXRlIjozNjAwMDAwMDAwMDAsImRlbGV0ZSI6MzYwMDAwMDAwMDAwLCJ1cGRhdGUiOjM2MDAwMDAwMDAwMH19",
          "dependencies": [
            "google_compute_network.vpc_arouna"
          ]
        }
      ]
    },
    {
      "mode": "managed",
      "type": "google_container_cluster",
      "name": "primary",
      "provider": "provider[\"registry.terraform.io/hashicorp/google\"]",
      "instances": [
        {
          "schema_version": 1,
          "attributes": {
            "additional_zones": [],
            "addons_config": [
              {
                "horizontal_pod_autoscaling": [],
                "http_load_balancing": [],
                "kubernetes_dashboard": [],
                "network_policy_config": [
                  {
                    "disabled": true
                  }
                ]
              }
            ],
            "authenticator_groups_config": [],
            "cluster_autoscaling": [
              {
                "auto_provisioning_defaults": [],
                "enabled": false,
                "resource_limits": []
              }
            ],
            "cluster_ipv4_cidr": "10.236.0.0/14",
            "default_max_pods_per_node": 110,
            "description": "",
            "enable_binary_authorization": null,
            "enable_intranode_visibility": null,
            "enable_kubernetes_alpha": false,
            "enable_legacy_abac": false,
            "enable_tpu": null,
            "endpoint": "34.86.95.246",
            "id": "projects/cloud-gke-arouna/locations/us-east4-a/clusters/arouna-cluster",
            "initial_node_count": 1,
            "instance_group_urls": [],
            "ip_allocation_policy": [
              {
                "cluster_ipv4_cidr_block": "10.236.0.0/14",
                "cluster_secondary_range_name": "gke-arouna-cluster-pods-fa8bb5ea",
                "create_subnetwork": false,
                "node_ipv4_cidr_block": "",
                "services_ipv4_cidr_block": "10.240.0.0/20",
                "services_secondary_range_name": "gke-arouna-cluster-services-fa8bb5ea",
                "subnetwork_name": "",
                "use_ip_aliases": false
              }
            ],
            "location": "us-east4-a",
            "logging_service": "logging.googleapis.com/kubernetes",
            "maintenance_policy": [],
            "master_auth": [
              {
                "client_certificate": "",
                "client_certificate_config": [
                  {
                    "issue_client_certificate": false
                  }
                ],
                "client_key": "",
                "cluster_ca_certificate": "LS0tLS1CRUdJTiBDRVJUSUZJQ0FURS0tLS0tCk1JSUVMVENDQXBXZ0F3SUJBZ0lSQUlWMmpvd1FiaFB4Q1dMekswK0lRVlV3RFFZSktvWklodmNOQVFFTEJRQXcKTHpFdE1Dc0dBMVVFQXhNa1ltSXlOalJtTUdVdFpHUXpNeTAwWmpReExXRXhPR1F0TWpjNE4yRXpNekF3WVRZNApNQ0FYRFRJek1ERXlOVEV6TXpjME9Wb1lEekl3TlRNd01URTNNVFF6TnpRNVdqQXZNUzB3S3dZRFZRUURFeVJpCllqSTJOR1l3WlMxa1pETXpMVFJtTkRFdFlURTRaQzB5TnpnM1lUTXpNREJoTmpnd2dnR2lNQTBHQ1NxR1NJYjMKRFFFQkFRVUFBNElCandBd2dnR0tBb0lCZ1FDc2l4SjJvM0VacXV1ZmdIQjk2NXR3S3hhTS9lQXR0dHZNbVE4egpQdmYwR2V4N3ZmdC9EbVBCc1BtUlRFeER4Qm5lZHNsMnpIak84dk1zNFNWb2VETGkwSE92Z2NtRld3c1pCMVBOCjF0NmJzTGhEV3o3aDlOZTU3SDM4dmJoaUp0RzF0RDNnVGYrSVJrc1JoZHZHaGowREhqNytRb0dheTkrUzNjVUoKdGxScVYxMEFiK2VvcU9KUFJSMmxINncySEV5VXRyMDZBSGJPaVBhNTA5M3p3OXJaYnptQTlIZk42VmxKWEV0UQpMc0s1NktZRWVSUjNRSFZYdmdtUTBMUU9GRVMwS3krcm01MnlsV3Z3RnVSdGQ4ZzliT3gycWtvMzlNNDZJQ2o1CjlRdFJMN2lvU3FwYnpZaXN5ZFVFbkJGSENvQjFrSCtBOHpwb2t5dnlnQ1VtWGJHYlU5Z0hIUUh6T1pVSnBDaGIKL3kyL3lvRjRDUjRIMG8rY3FSMXBqelZaQytFYVJ2eDVoWFBYemdoaGVQR3NTenBxMStiWCtPVEExeWd1SVZCNQpqbzlZd2tBYjZTSmVkNG9pd0VtblpMQ2JDdk8zOUpqRmpwNGRtUmpuSTJnRkVRRW5RQVR4TGdTRzhrWUdRMzZzCjhyV25pbnoyYlFEVHZsbGx2Q0xNbjF3Q2p1RUNBd0VBQWFOQ01FQXdEZ1lEVlIwUEFRSC9CQVFEQWdJRU1BOEcKQTFVZEV3RUIvd1FGTUFNQkFmOHdIUVlEVlIwT0JCWUVGTTNxdnp3MGVjZGhJSjJYeTFtaDJrUWRaQndGTUEwRwpDU3FHU0liM0RRRUJDd1VBQTRJQmdRQWo0bzRvalA3WSt5R2lrSzdZdWp5ZitxQUdLOWdtbXNNYTE3a3NjME8vClBYcTE2U2NnT0g5VXdhZSs2WXNUdUVONHdmTXdueDZUcEJkTm9NWFBGNDIxSitobXpLbGkxaVpla2VaRWZSNDcKajZ1cnVxZ2txZUsvWVBBZWNhOFR5TjFXS04ramhZNE9Nb2RwbGIwNEVtYTFCRFlrTjg0Q052RlpMc090c3E4VgpSNjJtWUpRWVdyVy9EdkpCYjZHdjNGVVRtcVNGbTlYRzJvbmpYK25KRnhGV251TXZQVGdhbGJhWVNaVVZoaXN2CjlBakQ1ODBSK2ZXUExlOUdCQkZPK3RpZWxxdTVpMGZnaHplVzN2MXlURERnNHI2aVkzT2JSQ2pxMW1xUXh0UkYKbWlHQi9uRmVFVFJPTmlYVTR4elZjTjMwRFVtZHN3ZCtiV0FDMmZ0SzNUalRsWGowMVpSUkp5cjNHdm55SDdsZwp2SnRjVW1KdUlXTjZtalE3WnVUblg0QlExS29LSWN1Yk9kTlRrY2FXYWJCbXBiTWIwWE1aUHRZM3pydG1RQjRtCnBHZ2IxVVdLdmE5T2ZpZVQxamRVY1FlcU5ranhWTXNwNm03YUxvemVYSVJnRXNNNHB6RE9ad0grZ1JrUGZZUE0KaTRKWWVPbkFMYlp6M2VsNUVBYnhDVTg9Ci0tLS0tRU5EIENFUlRJRklDQVRFLS0tLS0K",
                "password": "",
                "username": ""
              }
            ],
            "master_authorized_networks_config": [],
            "master_version": "1.24.8-gke.2000",
            "min_master_version": null,
            "monitoring_service": "monitoring.googleapis.com/kubernetes",
            "name": "arouna-cluster",
            "network": "projects/cloud-gke-arouna/global/networks/arouna-gke-vpc",
            "network_policy": [
              {
                "enabled": false,
                "provider": "PROVIDER_UNSPECIFIED"
              }
            ],
            "node_config": [],
            "node_locations": [],
            "node_pool": [],
            "node_version": "1.24.8-gke.2000",
            "operation": null,
            "pod_security_policy_config": null,
            "private_cluster_config": [
              {
                "enable_private_endpoint": false,
                "enable_private_nodes": false,
                "master_ipv4_cidr_block": "",
                "private_endpoint": "10.10.0.2",
                "public_endpoint": "34.86.95.246"
              }
            ],
            "project": "cloud-gke-arouna",
            "region": null,
            "remove_default_node_pool": true,
            "resource_labels": null,
            "services_ipv4_cidr": "10.240.0.0/20",
            "subnetwork": "projects/cloud-gke-arouna/regions/us-east4/subnetworks/arouna-gke-subnetwork",
            "timeouts": null,
            "vertical_pod_autoscaling": [],
            "zone": null
          },
          "sensitive_attributes": [],
          "private": "eyJlMmJmYjczMC1lY2FhLTExZTYtOGY4OC0zNDM2M2JjN2M0YzAiOnsiY3JlYXRlIjoyNDAwMDAwMDAwMDAwLCJkZWxldGUiOjI0MDAwMDAwMDAwMDAsInVwZGF0ZSI6MzYwMDAwMDAwMDAwMH0sInNjaGVtYV92ZXJzaW9uIjoiMSJ9",
          "dependencies": [
            "google_compute_network.vpc_arouna",
            "google_compute_subnetwork.subnet"
          ]
        }
      ]
    },
    {
      "mode": "managed",
      "type": "google_container_node_pool",
      "name": "arouna_gke_node_pool",
      "provider": "provider[\"registry.terraform.io/hashicorp/google\"]",
      "instances": [
        {
          "schema_version": 1,
          "attributes": {
            "autoscaling": [],
            "cluster": "arouna-cluster",
            "id": "projects/cloud-gke-arouna/locations/us-east4-a/clusters/arouna-cluster/nodePools/arouna-gke-node-pool",
            "initial_node_count": 2,
            "instance_group_urls": [
              "https://www.googleapis.com/compute/v1/projects/cloud-gke-arouna/zones/us-east4-a/instanceGroupManagers/gke-arouna-cluster-arouna-gke-node-po-ee9ad992-grp"
            ],
            "location": "us-east4-a",
            "management": [
              {
                "auto_repair": true,
                "auto_upgrade": true
              }
            ],
            "max_pods_per_node": 110,
            "name": "arouna-gke-node-pool",
            "name_prefix": "",
            "node_config": [
              {
                "disk_size_gb": 30,
                "disk_type": "pd-balanced",
                "guest_accelerator": [],
                "image_type": "COS_CONTAINERD",
                "labels": {},
                "local_ssd_count": 0,
                "machine_type": "e2-standard-2",
                "metadata": {
                  "disable-legacy-endpoints": "true"
                },
                "min_cpu_platform": "",
                "oauth_scopes": [
                  "https://www.googleapis.com/auth/cloud-platform"
                ],
                "preemptible": false,
                "sandbox_config": [],
                "service_account": "default",
                "shielded_instance_config": [
                  {
                    "enable_integrity_monitoring": true,
                    "enable_secure_boot": false
                  }
                ],
                "tags": null,
                "taint": [],
                "workload_metadata_config": []
              }
            ],
            "node_count": 2,
            "project": "cloud-gke-arouna",
            "region": null,
            "timeouts": null,
            "version": "1.24.8-gke.2000",
            "zone": null
          },
          "sensitive_attributes": [],
          "private": "eyJlMmJmYjczMC1lY2FhLTExZTYtOGY4OC0zNDM2M2JjN2M0YzAiOnsiY3JlYXRlIjoxODAwMDAwMDAwMDAwLCJkZWxldGUiOjE4MDAwMDAwMDAwMDAsInVwZGF0ZSI6MTgwMDAwMDAwMDAwMH0sInNjaGVtYV92ZXJzaW9uIjoiMSJ9",
          "dependencies": [
            "google_compute_network.vpc_arouna",
            "google_compute_subnetwork.subnet",
            "google_container_cluster.primary"
          ]
        }
      ]
    }
  ],
  "check_results": null
}
